
Microsoft Visual Studio Solution File, Format Version 12.00
# Visual Studio Version 17
VisualStudioVersion = 17.9.34616.47
MinimumVisualStudioVersion = 10.0.40219.1
Project("{FAE04EC0-301F-11D3-BF4B-00C04F79EFBC}") = "TestingForAngular.Server", "TestingForAngular.Server\TestingForAngular.Server.csproj", "{FA925348-8178-4878-9F05-12A39C8D3C9D}"
EndProject
Project("{54A90642-561A-4BB1-A94E-469ADEE60C69}") = "testingforangular.client", "testingforangular.client\testingforangular.client.esproj", "{4A4D7E96-13C6-4205-9093-49288FF309EF}"
EndProject
Global
	GlobalSection(SolutionConfigurationPlatforms) = preSolution
		Debug|Any CPU = Debug|Any CPU
		Release|Any CPU = Release|Any CPU
	EndGlobalSection
	GlobalSection(ProjectConfigurationPlatforms) = postSolution
		{FA925348-8178-4878-9F05-12A39C8D3C9D}.Debug|Any CPU.ActiveCfg = Debug|Any CPU
		{FA925348-8178-4878-9F05-12A39C8D3C9D}.Debug|Any CPU.Build.0 = Debug|Any CPU
		{FA925348-8178-4878-9F05-12A39C8D3C9D}.Release|Any CPU.ActiveCfg = Release|Any CPU
		{FA925348-8178-4878-9F05-12A39C8D3C9D}.Release|Any CPU.Build.0 = Release|Any CPU
		{4A4D7E96-13C6-4205-9093-49288FF309EF}.Debug|Any CPU.ActiveCfg = Debug|Any CPU
		{4A4D7E96-13C6-4205-9093-49288FF309EF}.Debug|Any CPU.Build.0 = Debug|Any CPU
		{4A4D7E96-13C6-4205-9093-49288FF309EF}.Debug|Any CPU.Deploy.0 = Debug|Any CPU
		{4A4D7E96-13C6-4205-9093-49288FF309EF}.Release|Any CPU.ActiveCfg = Release|Any CPU
		{4A4D7E96-13C6-4205-9093-49288FF309EF}.Release|Any CPU.Build.0 = Release|Any CPU
		{4A4D7E96-13C6-4205-9093-49288FF309EF}.Release|Any CPU.Deploy.0 = Release|Any CPU
	EndGlobalSection
	GlobalSection(SolutionProperties) = preSolution
		HideSolutionNode = FALSE
	EndGlobalSection
	GlobalSection(ExtensibilityGlobals) = postSolution
		SolutionGuid = {8B31310A-C416-4A2E-915F-6DA4EA372CF8}
	EndGlobalSection
EndGlobal
